{
  "name": "@musical-patterns/pattern-template",
  "version": "1.0.3",
  "lockfileVersion": 1,
  "requires": true,
  "dependencies": {
    "@musical-patterns/pattern": {
      "version": "1.0.15",
      "resolved": "https://registry.npmjs.org/@musical-patterns/pattern/-/pattern-1.0.15.tgz",
      "integrity": "sha512-Sc5X3YjWIUp16X73kgc/2IQQA5qxri7F7tm6isAi7uHOOYqjEQ2J+G7qq4oLMIs9YrCO0p9tWk9KXuao35hPIg=="
    },
    "@musical-patterns/utilities": {
      "version": "1.0.93",
      "resolved": "https://registry.npmjs.org/@musical-patterns/utilities/-/utilities-1.0.93.tgz",
      "integrity": "sha512-lCXtTmYvWBPaOtZM1LmU2NGa8yKuGa8O9d1d7+OUK9xvX71sreNc7jojLt5OqaH+tvqfhWGJcremubl/IF8Ngg==",
      "requires": {
        "immutable": "^4.0.0-rc.12"
      }
    },
    "immutable": {
      "version": "4.0.0-rc.12",
      "resolved": "https://registry.npmjs.org/immutable/-/immutable-4.0.0-rc.12.tgz",
      "integrity": "sha512-0M2XxkZLx/mi3t8NVwIm1g8nHoEmM9p9UBl/G9k4+hm0kBgOVdMV/B3CY5dQ8qG8qc80NN4gDV4HQv6FTJ5q7A=="
    }
  }
}
