{
  "name": "@musical-patterns/pattern-template",
  "version": "1.0.10",
  "lockfileVersion": 1,
  "requires": true,
  "dependencies": {
    "@musical-patterns/compiler": {
      "version": "1.0.34",
      "resolved": "https://registry.npmjs.org/@musical-patterns/compiler/-/compiler-1.0.34.tgz",
      "integrity": "sha512-7L2Sq6daud9wvez2VCGkthrWyJ/x9FmB3UPje3wxbjoHigVaaX9tMsoD0tH4+axVCNAUz8kzloeU96TyRHrArg==",
      "requires": {
        "@musical-patterns/performer": "^1.0.78",
        "@musical-patterns/utilities": "^1.0.101"
      }
    },
    "@musical-patterns/pattern": {
      "version": "1.0.22",
      "resolved": "https://registry.npmjs.org/@musical-patterns/pattern/-/pattern-1.0.22.tgz",
      "integrity": "sha512-f1KXjFyPdH//QJappdBgeK6VHyuFKxjqICB6GxY0X6QB4q45Dsy0iAbEu8h04a/OGmQYtm+LJGSgE0zfOsCt3A=="
    },
    "@musical-patterns/performer": {
      "version": "1.0.78",
      "resolved": "https://registry.npmjs.org/@musical-patterns/performer/-/performer-1.0.78.tgz",
      "integrity": "sha512-LLKJe4FLEY8Q9BYPyNbF03AHWlkyIkoA4vS8NP/JuqzjfwBa1PqRGs/XZzWCXJ0XK9fxZandKLLc2TQuF4tVnQ=="
    },
    "@musical-patterns/utilities": {
      "version": "1.0.101",
      "resolved": "https://registry.npmjs.org/@musical-patterns/utilities/-/utilities-1.0.101.tgz",
      "integrity": "sha512-q/L4ziKH2aZuYyLEFwaUz2AyFJrkkJZPp/gczsFMbdyIeGyU2AuPMLhYNCft5TpN8AUNrogkGfR3q5KXcvWg5g==",
      "requires": {
        "immutable": "^4.0.0-rc.12"
      }
    },
    "immutable": {
      "version": "4.0.0-rc.12",
      "resolved": "https://registry.npmjs.org/immutable/-/immutable-4.0.0-rc.12.tgz",
      "integrity": "sha512-0M2XxkZLx/mi3t8NVwIm1g8nHoEmM9p9UBl/G9k4+hm0kBgOVdMV/B3CY5dQ8qG8qc80NN4gDV4HQv6FTJ5q7A=="
    }
  }
}
