{
  "name": "@musical-patterns/pattern-template",
  "version": "1.0.10",
  "lockfileVersion": 1,
  "requires": true,
  "dependencies": {
    "@musical-patterns/compiler": {
      "version": "1.0.32",
      "resolved": "https://registry.npmjs.org/@musical-patterns/compiler/-/compiler-1.0.32.tgz",
      "integrity": "sha512-zmOR8FfNh9Iugo3IZr8afdsdubJC9IsdLOzA5kX/XXY2n+6O0WyLEniyL4EVIeAwVoZOvAYoxsJv4ES5caCC1g==",
      "requires": {
        "@musical-patterns/performer": "^1.0.74",
        "@musical-patterns/utilities": "^1.0.99"
      }
    },
    "@musical-patterns/pattern": {
      "version": "1.0.20",
      "resolved": "https://registry.npmjs.org/@musical-patterns/pattern/-/pattern-1.0.20.tgz",
      "integrity": "sha512-4UkBPgWHRJJW0e8H+0KoxtJyIhuofTsIzQGdv6gXAj27cVbQDcPh5eCPYtrB4pAK+JJzUUGRtBRXZF5DsFE63w=="
    },
    "@musical-patterns/performer": {
      "version": "1.0.74",
      "resolved": "https://registry.npmjs.org/@musical-patterns/performer/-/performer-1.0.74.tgz",
      "integrity": "sha512-Se6O31V/XHJ6OxxfpCCWt1WeUc8UzgsLqK8v+hYjv9iNorvp8pKI/I3bds6Ffh8Na88m3F87g/+CkMXHPizmnA=="
    },
    "@musical-patterns/utilities": {
      "version": "1.0.99",
      "resolved": "https://registry.npmjs.org/@musical-patterns/utilities/-/utilities-1.0.99.tgz",
      "integrity": "sha512-bi1LmBO4fGg7FLDqMf9LiLrtE/B+HTZqFdtixQJ+PUDuj/+e7W5hqmAoiHMrRW10oE+lvcmLd7wusxQXQ8B7Cw==",
      "requires": {
        "immutable": "^4.0.0-rc.12"
      }
    },
    "immutable": {
      "version": "4.0.0-rc.12",
      "resolved": "https://registry.npmjs.org/immutable/-/immutable-4.0.0-rc.12.tgz",
      "integrity": "sha512-0M2XxkZLx/mi3t8NVwIm1g8nHoEmM9p9UBl/G9k4+hm0kBgOVdMV/B3CY5dQ8qG8qc80NN4gDV4HQv6FTJ5q7A=="
    }
  }
}
